// !$*UTF8*$!
{
	archiveVersion = 1;
	classes = {
	};
	objectVersion = 46;
	objects = {

/* Begin PBXBuildFile section */
		1E0A95BC1D39D0CE00D19312 /* AppDelegate.swift in Sources */ = {isa = PBXBuildFile; fileRef = 1E0A95BB1D39D0CE00D19312 /* AppDelegate.swift */; };
		1E0A95BE1D39D0CE00D19312 /* ViewController.swift in Sources */ = {isa = PBXBuildFile; fileRef = 1E0A95BD1D39D0CE00D19312 /* ViewController.swift */; };
		1E0A95C11D39D0CE00D19312 /* Main.storyboard in Resources */ = {isa = PBXBuildFile; fileRef = 1E0A95BF1D39D0CE00D19312 /* Main.storyboard */; };
		1E0A95C31D39D0CE00D19312 /* Assets.xcassets in Resources */ = {isa = PBXBuildFile; fileRef = 1E0A95C21D39D0CE00D19312 /* Assets.xcassets */; };
		1E0A95C61D39D0CE00D19312 /* LaunchScreen.storyboard in Resources */ = {isa = PBXBuildFile; fileRef = 1E0A95C41D39D0CE00D19312 /* LaunchScreen.storyboard */; };
		1E0A95D11D39D0CE00D19312 /* ___Tests.swift in Sources */ = {isa = PBXBuildFile; fileRef = 1E0A95D01D39D0CE00D19312 /* ___Tests.swift */; };
		1E0A95DC1D39D0CE00D19312 /* ___UITests.swift in Sources */ = {isa = PBXBuildFile; fileRef = 1E0A95DB1D39D0CE00D19312 /* ___UITests.swift */; };
		1E3ECBC51D3C6A83000498A2 /* StartViewController.swift in Sources */ = {isa = PBXBuildFile; fileRef = 1E3ECBC41D3C6A83000498A2 /* StartViewController.swift */; };
		1E4E12C81D52C4F700BA096C /* 日齢君　素材１.png in Resources */ = {isa = PBXBuildFile; fileRef = 1E4E12C71D52C4F700BA096C /* 日齢君　素材１.png */; };
		1E4E12CA1D52CAB700BA096C /* 日齢君　素材２.png in Resources */ = {isa = PBXBuildFile; fileRef = 1E4E12C91D52CAB700BA096C /* 日齢君　素材２.png */; };
		1E4E12CC1D52CE2100BA096C /* 日齢君　素材３.png in Resources */ = {isa = PBXBuildFile; fileRef = 1E4E12CB1D52CE2100BA096C /* 日齢君　素材３.png */; };
		1E5FA1561D39EEE1009A54A4 /* 足を食べる.png in Resources */ = {isa = PBXBuildFile; fileRef = 1E5FA1551D39EEE1009A54A4 /* 足を食べる.png */; };
		1E5FA15F1D3A0EE4009A54A4 /* 背景.png in Resources */ = {isa = PBXBuildFile; fileRef = 1E5FA15E1D3A0EE4009A54A4 /* 背景.png */; };
		1E8319001D3B28DF0079BDD3 /* 太陽.png in Resources */ = {isa = PBXBuildFile; fileRef = 1E8318FF1D3B28DF0079BDD3 /* 太陽.png */; };
		1E8319021D3B29400079BDD3 /* 月.png in Resources */ = {isa = PBXBuildFile; fileRef = 1E8319011D3B29400079BDD3 /* 月.png */; };
		1E8572E41D52C1DC000CCE9F /* 日齢君　素材.png in Resources */ = {isa = PBXBuildFile; fileRef = 1E8572E31D52C1DC000CCE9F /* 日齢君　素材.png */; };
		1EC55EB61D50300C0036AA71 /* icon.png in Resources */ = {isa = PBXBuildFile; fileRef = 1EC55EB51D50300C0036AA71 /* icon.png */; };
		1ED36C071D3C6009007414D6 /* tail.png in Resources */ = {isa = PBXBuildFile; fileRef = 1ED36C061D3C6009007414D6 /* tail.png */; };
		1ED36C091D3C601C007414D6 /* bar.png in Resources */ = {isa = PBXBuildFile; fileRef = 1ED36C081D3C601C007414D6 /* bar.png */; };
		1EE64B561D61D69D003A2258 /* haike-.png in Resources */ = {isa = PBXBuildFile; fileRef = 1EE64B551D61D69D003A2258 /* haike-.png */; };
		1EE64B581D61D933003A2258 /* 日齢君　素材4.png in Resources */ = {isa = PBXBuildFile; fileRef = 1EE64B571D61D932003A2258 /* 日齢君　素材4.png */; };
		1EE64B5A1D61D95E003A2258 /* haike-2.png in Resources */ = {isa = PBXBuildFile; fileRef = 1EE64B591D61D95E003A2258 /* haike-2.png */; };
/* End PBXBuildFile section */

/* Begin PBXContainerItemProxy section */
		1E0A95CD1D39D0CE00D19312 /* PBXContainerItemProxy */ = {
			isa = PBXContainerItemProxy;
			containerPortal = 1E0A95B01D39D0CE00D19312 /* Project object */;
			proxyType = 1;
			remoteGlobalIDString = 1E0A95B71D39D0CE00D19312;
			remoteInfo = "日齢君";
		};
		1E0A95D81D39D0CE00D19312 /* PBXContainerItemProxy */ = {
			isa = PBXContainerItemProxy;
			containerPortal = 1E0A95B01D39D0CE00D19312 /* Project object */;
			proxyType = 1;
			remoteGlobalIDString = 1E0A95B71D39D0CE00D19312;
			remoteInfo = "日齢君";
		};
/* End PBXContainerItemProxy section */

/* Begin PBXFileReference section */
		1E0A95B81D39D0CE00D19312 /* 日齢君.app */ = {isa = PBXFileReference; explicitFileType = wrapper.application; includeInIndex = 0; path = "日齢君.app"; sourceTree = BUILT_PRODUCTS_DIR; };
		1E0A95BB1D39D0CE00D19312 /* AppDelegate.swift */ = {isa = PBXFileReference; lastKnownFileType = sourcecode.swift; path = AppDelegate.swift; sourceTree = "<group>"; };
		1E0A95BD1D39D0CE00D19312 /* ViewController.swift */ = {isa = PBXFileReference; lastKnownFileType = sourcecode.swift; path = ViewController.swift; sourceTree = "<group>"; };
		1E0A95C01D39D0CE00D19312 /* Base */ = {isa = PBXFileReference; lastKnownFileType = file.storyboard; name = Base; path = Base.lproj/Main.storyboard; sourceTree = "<group>"; };
		1E0A95C21D39D0CE00D19312 /* Assets.xcassets */ = {isa = PBXFileReference; lastKnownFileType = folder.assetcatalog; path = Assets.xcassets; sourceTree = "<group>"; };
		1E0A95C51D39D0CE00D19312 /* Base */ = {isa = PBXFileReference; lastKnownFileType = file.storyboard; name = Base; path = Base.lproj/LaunchScreen.storyboard; sourceTree = "<group>"; };
		1E0A95C71D39D0CE00D19312 /* Info.plist */ = {isa = PBXFileReference; lastKnownFileType = text.plist.xml; path = Info.plist; sourceTree = "<group>"; };
		1E0A95CC1D39D0CE00D19312 /* 日齢君Tests.xctest */ = {isa = PBXFileReference; explicitFileType = wrapper.cfbundle; includeInIndex = 0; path = "日齢君Tests.xctest"; sourceTree = BUILT_PRODUCTS_DIR; };
		1E0A95D01D39D0CE00D19312 /* ___Tests.swift */ = {isa = PBXFileReference; lastKnownFileType = sourcecode.swift; path = "___Tests.swift"; sourceTree = "<group>"; };
		1E0A95D21D39D0CE00D19312 /* Info.plist */ = {isa = PBXFileReference; lastKnownFileType = text.plist.xml; path = Info.plist; sourceTree = "<group>"; };
		1E0A95D71D39D0CE00D19312 /* 日齢君UITests.xctest */ = {isa = PBXFileReference; explicitFileType = wrapper.cfbundle; includeInIndex = 0; path = "日齢君UITests.xctest"; sourceTree = BUILT_PRODUCTS_DIR; };
		1E0A95DB1D39D0CE00D19312 /* ___UITests.swift */ = {isa = PBXFileReference; lastKnownFileType = sourcecode.swift; path = "___UITests.swift"; sourceTree = "<group>"; };
		1E0A95DD1D39D0CE00D19312 /* Info.plist */ = {isa = PBXFileReference; lastKnownFileType = text.plist.xml; path = Info.plist; sourceTree = "<group>"; };
		1E3ECBC41D3C6A83000498A2 /* StartViewController.swift */ = {isa = PBXFileReference; fileEncoding = 4; lastKnownFileType = sourcecode.swift; path = StartViewController.swift; sourceTree = "<group>"; };
		1E4E12C71D52C4F700BA096C /* 日齢君　素材１.png */ = {isa = PBXFileReference; lastKnownFileType = image.png; path = "日齢君　素材１.png"; sourceTree = "<group>"; };
		1E4E12C91D52CAB700BA096C /* 日齢君　素材２.png */ = {isa = PBXFileReference; lastKnownFileType = image.png; path = "日齢君　素材２.png"; sourceTree = "<group>"; };
		1E4E12CB1D52CE2100BA096C /* 日齢君　素材３.png */ = {isa = PBXFileReference; lastKnownFileType = image.png; path = "日齢君　素材３.png"; sourceTree = "<group>"; };
		1E5FA1551D39EEE1009A54A4 /* 足を食べる.png */ = {isa = PBXFileReference; lastKnownFileType = image.png; path = "足を食べる.png"; sourceTree = "<group>"; };
		1E5FA15E1D3A0EE4009A54A4 /* 背景.png */ = {isa = PBXFileReference; lastKnownFileType = image.png; path = "背景.png"; sourceTree = "<group>"; };
		1E8318FF1D3B28DF0079BDD3 /* 太陽.png */ = {isa = PBXFileReference; lastKnownFileType = image.png; path = "太陽.png"; sourceTree = "<group>"; };
		1E8319011D3B29400079BDD3 /* 月.png */ = {isa = PBXFileReference; lastKnownFileType = image.png; path = "月.png"; sourceTree = "<group>"; };
		1E8572E31D52C1DC000CCE9F /* 日齢君　素材.png */ = {isa = PBXFileReference; lastKnownFileType = image.png; path = "日齢君　素材.png"; sourceTree = "<group>"; };
		1EC55EB51D50300C0036AA71 /* icon.png */ = {isa = PBXFileReference; lastKnownFileType = image.png; path = icon.png; sourceTree = "<group>"; };
		1ED36C061D3C6009007414D6 /* tail.png */ = {isa = PBXFileReference; lastKnownFileType = image.png; path = tail.png; sourceTree = "<group>"; };
		1ED36C081D3C601C007414D6 /* bar.png */ = {isa = PBXFileReference; lastKnownFileType = image.png; path = bar.png; sourceTree = "<group>"; };
		1EE64B551D61D69D003A2258 /* haike-.png */ = {isa = PBXFileReference; lastKnownFileType = image.png; path = "haike-.png"; sourceTree = "<group>"; };
		1EE64B571D61D932003A2258 /* 日齢君　素材4.png */ = {isa = PBXFileReference; lastKnownFileType = image.png; path = "日齢君　素材4.png"; sourceTree = "<group>"; };
		1EE64B591D61D95E003A2258 /* haike-2.png */ = {isa = PBXFileReference; lastKnownFileType = image.png; path = "haike-2.png"; sourceTree = "<group>"; };
/* End PBXFileReference section */

/* Begin PBXFrameworksBuildPhase section */
		1E0A95B51D39D0CE00D19312 /* Frameworks */ = {
			isa = PBXFrameworksBuildPhase;
			buildActionMask = 2147483647;
			files = (
			);
			runOnlyForDeploymentPostprocessing = 0;
		};
		1E0A95C91D39D0CE00D19312 /* Frameworks */ = {
			isa = PBXFrameworksBuildPhase;
			buildActionMask = 2147483647;
			files = (
			);
			runOnlyForDeploymentPostprocessing = 0;
		};
		1E0A95D41D39D0CE00D19312 /* Frameworks */ = {
			isa = PBXFrameworksBuildPhase;
			buildActionMask = 2147483647;
			files = (
			);
			runOnlyForDeploymentPostprocessing = 0;
		};
/* End PBXFrameworksBuildPhase section */

/* Begin PBXGroup section */
		1E0A95AF1D39D0CE00D19312 = {
			isa = PBXGroup;
			children = (
				1E0A95BA1D39D0CE00D19312 /* 日齢君 */,
				1E0A95CF1D39D0CE00D19312 /* 日齢君Tests */,
				1E0A95DA1D39D0CE00D19312 /* 日齢君UITests */,
				1E0A95B91D39D0CE00D19312 /* Products */,
			);
			sourceTree = "<group>";
		};
		1E0A95B91D39D0CE00D19312 /* Products */ = {
			isa = PBXGroup;
			children = (
				1E0A95B81D39D0CE00D19312 /* 日齢君.app */,
				1E0A95CC1D39D0CE00D19312 /* 日齢君Tests.xctest */,
				1E0A95D71D39D0CE00D19312 /* 日齢君UITests.xctest */,
			);
			name = Products;
			sourceTree = "<group>";
		};
		1E0A95BA1D39D0CE00D19312 /* 日齢君 */ = {
			isa = PBXGroup;
			children = (
				1ED36C0A1D3C61E3007414D6 /* New Group */,
				1E5FA15E1D3A0EE4009A54A4 /* 背景.png */,
				1E5FA1551D39EEE1009A54A4 /* 足を食べる.png */,
				1EC55EB51D50300C0036AA71 /* icon.png */,
				1E8318FF1D3B28DF0079BDD3 /* 太陽.png */,
				1ED36C061D3C6009007414D6 /* tail.png */,
				1ED36C081D3C601C007414D6 /* bar.png */,
				1E8319011D3B29400079BDD3 /* 月.png */,
				1E0A95BB1D39D0CE00D19312 /* AppDelegate.swift */,
				1E0A95BD1D39D0CE00D19312 /* ViewController.swift */,
				1E0A95BF1D39D0CE00D19312 /* Main.storyboard */,
				1E0A95C21D39D0CE00D19312 /* Assets.xcassets */,
				1E0A95C41D39D0CE00D19312 /* LaunchScreen.storyboard */,
				1E0A95C71D39D0CE00D19312 /* Info.plist */,
				1E3ECBC41D3C6A83000498A2 /* StartViewController.swift */,
			);
			path = "日齢君";
			sourceTree = "<group>";
		};
		1E0A95CF1D39D0CE00D19312 /* 日齢君Tests */ = {
			isa = PBXGroup;
			children = (
				1E0A95D01D39D0CE00D19312 /* ___Tests.swift */,
				1E0A95D21D39D0CE00D19312 /* Info.plist */,
			);
			path = "日齢君Tests";
			sourceTree = "<group>";
		};
		1E0A95DA1D39D0CE00D19312 /* 日齢君UITests */ = {
			isa = PBXGroup;
			children = (
				1E0A95DB1D39D0CE00D19312 /* ___UITests.swift */,
				1E0A95DD1D39D0CE00D19312 /* Info.plist */,
			);
			path = "日齢君UITests";
			sourceTree = "<group>";
		};
		1ED36C0A1D3C61E3007414D6 /* New Group */ = {
			isa = PBXGroup;
			children = (
				1EE64B591D61D95E003A2258 /* haike-2.png */,
				1EE64B571D61D932003A2258 /* 日齢君　素材4.png */,
				1EE64B551D61D69D003A2258 /* haike-.png */,
				1E4E12CB1D52CE2100BA096C /* 日齢君　素材３.png */,
				1E4E12C91D52CAB700BA096C /* 日齢君　素材２.png */,
				1E4E12C71D52C4F700BA096C /* 日齢君　素材１.png */,
				1E8572E31D52C1DC000CCE9F /* 日齢君　素材.png */,
			);
			name = "New Group";
			sourceTree = "<group>";
		};
/* End PBXGroup section */

/* Begin PBXNativeTarget section */
		1E0A95B71D39D0CE00D19312 /* 日齢君 */ = {
			isa = PBXNativeTarget;
			buildConfigurationList = 1E0A95E01D39D0CE00D19312 /* Build configuration list for PBXNativeTarget "日齢君" */;
			buildPhases = (
				1E0A95B41D39D0CE00D19312 /* Sources */,
				1E0A95B51D39D0CE00D19312 /* Frameworks */,
				1E0A95B61D39D0CE00D19312 /* Resources */,
			);
			buildRules = (
			);
			dependencies = (
			);
			name = "日齢君";
			productName = "日齢君";
			productReference = 1E0A95B81D39D0CE00D19312 /* 日齢君.app */;
			productType = "com.apple.product-type.application";
		};
		1E0A95CB1D39D0CE00D19312 /* 日齢君Tests */ = {
			isa = PBXNativeTarget;
			buildConfigurationList = 1E0A95E31D39D0CE00D19312 /* Build configuration list for PBXNativeTarget "日齢君Tests" */;
			buildPhases = (
				1E0A95C81D39D0CE00D19312 /* Sources */,
				1E0A95C91D39D0CE00D19312 /* Frameworks */,
				1E0A95CA1D39D0CE00D19312 /* Resources */,
			);
			buildRules = (
			);
			dependencies = (
				1E0A95CE1D39D0CE00D19312 /* PBXTargetDependency */,
			);
			name = "日齢君Tests";
			productName = "日齢君Tests";
			productReference = 1E0A95CC1D39D0CE00D19312 /* 日齢君Tests.xctest */;
			productType = "com.apple.product-type.bundle.unit-test";
		};
		1E0A95D61D39D0CE00D19312 /* 日齢君UITests */ = {
			isa = PBXNativeTarget;
			buildConfigurationList = 1E0A95E61D39D0CE00D19312 /* Build configuration list for PBXNativeTarget "日齢君UITests" */;
			buildPhases = (
				1E0A95D31D39D0CE00D19312 /* Sources */,
				1E0A95D41D39D0CE00D19312 /* Frameworks */,
				1E0A95D51D39D0CE00D19312 /* Resources */,
			);
			buildRules = (
			);
			dependencies = (
				1E0A95D91D39D0CE00D19312 /* PBXTargetDependency */,
			);
			name = "日齢君UITests";
			productName = "日齢君UITests";
			productReference = 1E0A95D71D39D0CE00D19312 /* 日齢君UITests.xctest */;
			productType = "com.apple.product-type.bundle.ui-testing";
		};
/* End PBXNativeTarget section */

/* Begin PBXProject section */
		1E0A95B01D39D0CE00D19312 /* Project object */ = {
			isa = PBXProject;
			attributes = {
				LastSwiftUpdateCheck = 0730;
				LastUpgradeCheck = 0730;
				ORGANIZATIONNAME = "杉山航";
				TargetAttributes = {
					1E0A95B71D39D0CE00D19312 = {
						CreatedOnToolsVersion = 7.3;
						DevelopmentTeam = NV6EXP3568;
						LastSwiftMigration = 0820;
					};
					1E0A95CB1D39D0CE00D19312 = {
						CreatedOnToolsVersion = 7.3;
						DevelopmentTeam = 48ZVKL3GHQ;
						LastSwiftMigration = 0820;
						TestTargetID = 1E0A95B71D39D0CE00D19312;
					};
					1E0A95D61D39D0CE00D19312 = {
						CreatedOnToolsVersion = 7.3;
						DevelopmentTeam = 48ZVKL3GHQ;
						LastSwiftMigration = 0820;
						TestTargetID = 1E0A95B71D39D0CE00D19312;
					};
				};
			};
			buildConfigurationList = 1E0A95B31D39D0CE00D19312 /* Build configuration list for PBXProject "日齢君" */;
			compatibilityVersion = "Xcode 3.2";
			developmentRegion = English;
			hasScannedForEncodings = 0;
			knownRegions = (
				en,
				Base,
			);
			mainGroup = 1E0A95AF1D39D0CE00D19312;
			productRefGroup = 1E0A95B91D39D0CE00D19312 /* Products */;
			projectDirPath = "";
			projectRoot = "";
			targets = (
				1E0A95B71D39D0CE00D19312 /* 日齢君 */,
				1E0A95CB1D39D0CE00D19312 /* 日齢君Tests */,
				1E0A95D61D39D0CE00D19312 /* 日齢君UITests */,
			);
		};
/* End PBXProject section */

/* Begin PBXResourcesBuildPhase section */
		1E0A95B61D39D0CE00D19312 /* Resources */ = {
			isa = PBXResourcesBuildPhase;
			buildActionMask = 2147483647;
			files = (
				1E4E12CA1D52CAB700BA096C /* 日齢君　素材２.png in Resources */,
				1E0A95C61D39D0CE00D19312 /* LaunchScreen.storyboard in Resources */,
				1E8319021D3B29400079BDD3 /* 月.png in Resources */,
				1E5FA1561D39EEE1009A54A4 /* 足を食べる.png in Resources */,
				1EE64B581D61D933003A2258 /* 日齢君　素材4.png in Resources */,
				1E0A95C31D39D0CE00D19312 /* Assets.xcassets in Resources */,
				1E5FA15F1D3A0EE4009A54A4 /* 背景.png in Resources */,
				1ED36C071D3C6009007414D6 /* tail.png in Resources */,
				1EE64B561D61D69D003A2258 /* haike-.png in Resources */,
				1EC55EB61D50300C0036AA71 /* icon.png in Resources */,
				1E8572E41D52C1DC000CCE9F /* 日齢君　素材.png in Resources */,
				1EE64B5A1D61D95E003A2258 /* haike-2.png in Resources */,
				1E8319001D3B28DF0079BDD3 /* 太陽.png in Resources */,
				1E4E12C81D52C4F700BA096C /* 日齢君　素材１.png in Resources */,
				1ED36C091D3C601C007414D6 /* bar.png in Resources */,
				1E0A95C11D39D0CE00D19312 /* Main.storyboard in Resources */,
				1E4E12CC1D52CE2100BA096C /* 日齢君　素材３.png in Resources */,
			);
			runOnlyForDeploymentPostprocessing = 0;
		};
		1E0A95CA1D39D0CE00D19312 /* Resources */ = {
			isa = PBXResourcesBuildPhase;
			buildActionMask = 2147483647;
			files = (
			);
			runOnlyForDeploymentPostprocessing = 0;
		};
		1E0A95D51D39D0CE00D19312 /* Resources */ = {
			isa = PBXResourcesBuildPhase;
			buildActionMask = 2147483647;
			files = (
			);
			runOnlyForDeploymentPostprocessing = 0;
		};
/* End PBXResourcesBuildPhase section */

/* Begin PBXSourcesBuildPhase section */
		1E0A95B41D39D0CE00D19312 /* Sources */ = {
			isa = PBXSourcesBuildPhase;
			buildActionMask = 2147483647;
			files = (
				1E0A95BE1D39D0CE00D19312 /* ViewController.swift in Sources */,
				1E3ECBC51D3C6A83000498A2 /* StartViewController.swift in Sources */,
				1E0A95BC1D39D0CE00D19312 /* AppDelegate.swift in Sources */,
			);
			runOnlyForDeploymentPostprocessing = 0;
		};
		1E0A95C81D39D0CE00D19312 /* Sources */ = {
			isa = PBXSourcesBuildPhase;
			buildActionMask = 2147483647;
			files = (
				1E0A95D11D39D0CE00D19312 /* ___Tests.swift in Sources */,
			);
			runOnlyForDeploymentPostprocessing = 0;
		};
		1E0A95D31D39D0CE00D19312 /* Sources */ = {
			isa = PBXSourcesBuildPhase;
			buildActionMask = 2147483647;
			files = (
				1E0A95DC1D39D0CE00D19312 /* ___UITests.swift in Sources */,
			);
			runOnlyForDeploymentPostprocessing = 0;
		};
/* End PBXSourcesBuildPhase section */

/* Begin PBXTargetDependency section */
		1E0A95CE1D39D0CE00D19312 /* PBXTargetDependency */ = {
			isa = PBXTargetDependency;
			target = 1E0A95B71D39D0CE00D19312 /* 日齢君 */;
			targetProxy = 1E0A95CD1D39D0CE00D19312 /* PBXContainerItemProxy */;
		};
		1E0A95D91D39D0CE00D19312 /* PBXTargetDependency */ = {
			isa = PBXTargetDependency;
			target = 1E0A95B71D39D0CE00D19312 /* 日齢君 */;
			targetProxy = 1E0A95D81D39D0CE00D19312 /* PBXContainerItemProxy */;
		};
/* End PBXTargetDependency section */

/* Begin PBXVariantGroup section */
		1E0A95BF1D39D0CE00D19312 /* Main.storyboard */ = {
			isa = PBXVariantGroup;
			children = (
				1E0A95C01D39D0CE00D19312 /* Base */,
			);
			name = Main.storyboard;
			sourceTree = "<group>";
		};
		1E0A95C41D39D0CE00D19312 /* LaunchScreen.storyboard */ = {
			isa = PBXVariantGroup;
			children = (
				1E0A95C51D39D0CE00D19312 /* Base */,
			);
			name = LaunchScreen.storyboard;
			sourceTree = "<group>";
		};
/* End PBXVariantGroup section */

/* Begin XCBuildConfiguration section */
		1E0A95DE1D39D0CE00D19312 /* Debug */ = {
			isa = XCBuildConfiguration;
			buildSettings = {
				ALWAYS_SEARCH_USER_PATHS = NO;
				CLANG_ANALYZER_NONNULL = YES;
				CLANG_CXX_LANGUAGE_STANDARD = "gnu++0x";
				CLANG_CXX_LIBRARY = "libc++";
				CLANG_ENABLE_MODULES = YES;
				CLANG_ENABLE_OBJC_ARC = YES;
				CLANG_WARN_BOOL_CONVERSION = YES;
				CLANG_WARN_CONSTANT_CONVERSION = YES;
				CLANG_WARN_DIRECT_OBJC_ISA_USAGE = YES_ERROR;
				CLANG_WARN_EMPTY_BODY = YES;
				CLANG_WARN_ENUM_CONVERSION = YES;
				CLANG_WARN_INT_CONVERSION = YES;
				CLANG_WARN_OBJC_ROOT_CLASS = YES_ERROR;
				CLANG_WARN_UNREACHABLE_CODE = YES;
				CLANG_WARN__DUPLICATE_METHOD_MATCH = YES;
				"CODE_SIGN_IDENTITY[sdk=iphoneos*]" = "iPhone Developer";
				COPY_PHASE_STRIP = NO;
				DEBUG_INFORMATION_FORMAT = dwarf;
				ENABLE_STRICT_OBJC_MSGSEND = YES;
				ENABLE_TESTABILITY = YES;
				GCC_C_LANGUAGE_STANDARD = gnu99;
				GCC_DYNAMIC_NO_PIC = NO;
				GCC_NO_COMMON_BLOCKS = YES;
				GCC_OPTIMIZATION_LEVEL = 0;
				GCC_PREPROCESSOR_DEFINITIONS = (
					"DEBUG=1",
					"$(inherited)",
				);
				GCC_WARN_64_TO_32_BIT_CONVERSION = YES;
				GCC_WARN_ABOUT_RETURN_TYPE = YES_ERROR;
				GCC_WARN_UNDECLARED_SELECTOR = YES;
				GCC_WARN_UNINITIALIZED_AUTOS = YES_AGGRESSIVE;
				GCC_WARN_UNUSED_FUNCTION = YES;
				GCC_WARN_UNUSED_VARIABLE = YES;
				IPHONEOS_DEPLOYMENT_TARGET = 9.3;
				MTL_ENABLE_DEBUG_INFO = YES;
				ONLY_ACTIVE_ARCH = YES;
				SDKROOT = iphoneos;
				SWIFT_OPTIMIZATION_LEVEL = "-Onone";
			};
			name = Debug;
		};
		1E0A95DF1D39D0CE00D19312 /* Release */ = {
			isa = XCBuildConfiguration;
			buildSettings = {
				ALWAYS_SEARCH_USER_PATHS = NO;
				CLANG_ANALYZER_NONNULL = YES;
				CLANG_CXX_LANGUAGE_STANDARD = "gnu++0x";
				CLANG_CXX_LIBRARY = "libc++";
				CLANG_ENABLE_MODULES = YES;
				CLANG_ENABLE_OBJC_ARC = YES;
				CLANG_WARN_BOOL_CONVERSION = YES;
				CLANG_WARN_CONSTANT_CONVERSION = YES;
				CLANG_WARN_DIRECT_OBJC_ISA_USAGE = YES_ERROR;
				CLANG_WARN_EMPTY_BODY = YES;
				CLANG_WARN_ENUM_CONVERSION = YES;
				CLANG_WARN_INT_CONVERSION = YES;
				CLANG_WARN_OBJC_ROOT_CLASS = YES_ERROR;
				CLANG_WARN_UNREACHABLE_CODE = YES;
				CLANG_WARN__DUPLICATE_METHOD_MATCH = YES;
				"CODE_SIGN_IDENTITY[sdk=iphoneos*]" = "iPhone Developer";
				COPY_PHASE_STRIP = NO;
				DEBUG_INFORMATION_FORMAT = "dwarf-with-dsym";
				ENABLE_NS_ASSERTIONS = NO;
				ENABLE_STRICT_OBJC_MSGSEND = YES;
				GCC_C_LANGUAGE_STANDARD = gnu99;
				GCC_NO_COMMON_BLOCKS = YES;
				GCC_WARN_64_TO_32_BIT_CONVERSION = YES;
				GCC_WARN_ABOUT_RETURN_TYPE = YES_ERROR;
				GCC_WARN_UNDECLARED_SELECTOR = YES;
				GCC_WARN_UNINITIALIZED_AUTOS = YES_AGGRESSIVE;
				GCC_WARN_UNUSED_FUNCTION = YES;
				GCC_WARN_UNUSED_VARIABLE = YES;
				IPHONEOS_DEPLOYMENT_TARGET = 9.3;
				MTL_ENABLE_DEBUG_INFO = NO;
				SDKROOT = iphoneos;
				VALIDATE_PRODUCT = YES;
			};
			name = Release;
		};
		1E0A95E11D39D0CE00D19312 /* Debug */ = {
			isa = XCBuildConfiguration;
			buildSettings = {
				ASSETCATALOG_COMPILER_APPICON_NAME = AppIcon;
				CODE_SIGN_IDENTITY = "iPhone Developer";
				"CODE_SIGN_IDENTITY[sdk=iphoneos*]" = "iPhone Developer";
				DEVELOPMENT_TEAM = NV6EXP3568;
				INFOPLIST_FILE = "日齢君/Info.plist";
				IPHONEOS_DEPLOYMENT_TARGET = 11.0;
				LD_RUNPATH_SEARCH_PATHS = "$(inherited) @executable_path/Frameworks";
				PRODUCT_BUNDLE_IDENTIFIER = "a.--asdfghjklghjkxa";
				PRODUCT_NAME = "$(TARGET_NAME)";
				PROVISIONING_PROFILE = "";
				SWIFT_VERSION = 3.0;
			};
			name = Debug;
		};
		1E0A95E21D39D0CE00D19312 /* Release */ = {
			isa = XCBuildConfiguration;
			buildSettings = {
				ASSETCATALOG_COMPILER_APPICON_NAME = AppIcon;
				CODE_SIGN_IDENTITY = "iPhone Developer";
				"CODE_SIGN_IDENTITY[sdk=iphoneos*]" = "iPhone Developer";
				DEVELOPMENT_TEAM = NV6EXP3568;
				INFOPLIST_FILE = "日齢君/Info.plist";
				IPHONEOS_DEPLOYMENT_TARGET = 11.0;
				LD_RUNPATH_SEARCH_PATHS = "$(inherited) @executable_path/Frameworks";
				PRODUCT_BUNDLE_IDENTIFIER = "a.--asdfghjklghjkxa";
				PRODUCT_NAME = "$(TARGET_NAME)";
				PROVISIONING_PROFILE = "";
				SWIFT_VERSION = 3.0;
			};
			name = Release;
		};
		1E0A95E41D39D0CE00D19312 /* Debug */ = {
			isa = XCBuildConfiguration;
			buildSettings = {
				BUNDLE_LOADER = "$(TEST_HOST)";
				INFOPLIST_FILE = "日齢君Tests/Info.plist";
				LD_RUNPATH_SEARCH_PATHS = "$(inherited) @executable_path/Frameworks @loader_path/Frameworks";
				PRODUCT_BUNDLE_IDENTIFIER = "a.---Tests";
				PRODUCT_NAME = "$(TARGET_NAME)";
				SWIFT_VERSION = 3.0;
				TEST_HOST = "$(BUILT_PRODUCTS_DIR)/日齢君.app/日齢君";
			};
			name = Debug;
		};
		1E0A95E51D39D0CE00D19312 /* Release */ = {
			isa = XCBuildConfiguration;
			buildSettings = {
				BUNDLE_LOADER = "$(TEST_HOST)";
				INFOPLIST_FILE = "日齢君Tests/Info.plist";
				LD_RUNPATH_SEARCH_PATHS = "$(inherited) @executable_path/Frameworks @loader_path/Frameworks";
				PRODUCT_BUNDLE_IDENTIFIER = "a.---Tests";
				PRODUCT_NAME = "$(TARGET_NAME)";
				SWIFT_VERSION = 3.0;
				TEST_HOST = "$(BUILT_PRODUCTS_DIR)/日齢君.app/日齢君";
			};
			name = Release;
		};
		1E0A95E71D39D0CE00D19312 /* Debug */ = {
			isa = XCBuildConfiguration;
			buildSettings = {
				INFOPLIST_FILE = "日齢君UITests/Info.plist";
				LD_RUNPATH_SEARCH_PATHS = "$(inherited) @executable_path/Frameworks @loader_path/Frameworks";
				PRODUCT_BUNDLE_IDENTIFIER = "a.---UITests";
				PRODUCT_NAME = "$(TARGET_NAME)";
				SWIFT_VERSION = 3.0;
				TEST_TARGET_NAME = "日齢君";
			};
			name = Debug;
		};
		1E0A95E81D39D0CE00D19312 /* Release */ = {
			isa = XCBuildConfiguration;
			buildSettings = {
				INFOPLIST_FILE = "日齢君UITests/Info.plist";
				LD_RUNPATH_SEARCH_PATHS = "$(inherited) @executable_path/Frameworks @loader_path/Frameworks";
				PRODUCT_BUNDLE_IDENTIFIER = "a.---UITests";
				PRODUCT_NAME = "$(TARGET_NAME)";
				SWIFT_VERSION = 3.0;
				TEST_TARGET_NAME = "日齢君";
			};
			name = Release;
		};
/* End XCBuildConfiguration section */

/* Begin XCConfigurationList section */
		1E0A95B31D39D0CE00D19312 /* Build configuration list for PBXProject "日齢君" */ = {
			isa = XCConfigurationList;
			buildConfigurations = (
				1E0A95DE1D39D0CE00D19312 /* Debug */,
				1E0A95DF1D39D0CE00D19312 /* Release */,
			);
			defaultConfigurationIsVisible = 0;
			defaultConfigurationName = Release;
		};
		1E0A95E01D39D0CE00D19312 /* Build configuration list for PBXNativeTarget "日齢君" */ = {
			isa = XCConfigurationList;
			buildConfigurations = (
				1E0A95E11D39D0CE00D19312 /* Debug */,
				1E0A95E21D39D0CE00D19312 /* Release */,
			);
			defaultConfigurationIsVisible = 0;
			defaultConfigurationName = Release;
		};
		1E0A95E31D39D0CE00D19312 /* Build configuration list for PBXNativeTarget "日齢君Tests" */ = {
			isa = XCConfigurationList;
			buildConfigurations = (
				1E0A95E41D39D0CE00D19312 /* Debug */,
				1E0A95E51D39D0CE00D19312 /* Release */,
			);
			defaultConfigurationIsVisible = 0;
			defaultConfigurationName = Release;
		};
		1E0A95E61D39D0CE00D19312 /* Build configuration list for PBXNativeTarget "日齢君UITests" */ = {
			isa = XCConfigurationList;
			buildConfigurations = (
				1E0A95E71D39D0CE00D19312 /* Debug */,
				1E0A95E81D39D0CE00D19312 /* Release */,
			);
			defaultConfigurationIsVisible = 0;
			defaultConfigurationName = Release;
		};
/* End XCConfigurationList section */
	};
	rootObject = 1E0A95B01D39D0CE00D19312 /* Project object */;
}
